<?xml version="1.0" encoding="utf-8"?>
<Project ToolsVersion="4.0" xmlns="http://schemas.microsoft.com/developer/msbuild/2003">
  <ItemGroup>
    <Filter Include="Source Files">
      <UniqueIdentifier>{4FC737F1-C7A5-4376-A066-2A32D752A2FF}</UniqueIdentifier>
      <Extensions>cpp;c;cc;cxx;c++;cppm;ixx;def;odl;idl;hpj;bat;asm;asmx</Extensions>
    </Filter>
    <Filter Include="Header Files">
      <UniqueIdentifier>{93995380-89BD-4b04-88EB-625FBE52EBFB}</UniqueIdentifier>
      <Extensions>h;hh;hpp;hxx;h++;hm;inl;inc;ipp;xsd</Extensions>
    </Filter>
    <Filter Include="Resource Files">
      <UniqueIdentifier>{67DA6AB6-F800-4c08-8B7A-83BB121AAD01}</UniqueIdentifier>
      <Extensions>rc;ico;cur;bmp;dlg;rc2;rct;bin;rgs;gif;jpg;jpeg;jpe;resx;tiff;tif;png;wav;mfcribbon-ms</Extensions>
    </Filter>
    <Filter Include="Header Files\graphics">
      <UniqueIdentifier>{16d8d0f6-75dd-4b55-88c4-a9a771d37ed8}</UniqueIdentifier>
    </Filter>
    <Filter Include="Header Files\maths">
      <UniqueIdentifier>{e0c39424-f553-478e-9dcd-63c9017169b1}</UniqueIdentifier>
    </Filter>
    <Filter Include="Header Files\utils">
      <UniqueIdentifier>{42a9cfa2-5830-45d5-a069-5a93ab4a17e7}</UniqueIdentifier>
    </Filter>
    <Filter Include="Header Files\graphics\buffers">
      <UniqueIdentifier>{5543b6ff-78f7-4ea2-8678-e160c536f5e6}</UniqueIdentifier>
    </Filter>
    <Filter Include="Header Files\graphics\layers">
      <UniqueIdentifier>{b480d13d-3120-47c4-94e5-fc2c5c74bbf3}</UniqueIdentifier>
    </Filter>
    <Filter Include="Source Files\graphics">
      <UniqueIdentifier>{016ab9a5-997e-4afe-8e09-0fea9d113286}</UniqueIdentifier>
    </Filter>
    <Filter Include="Source Files\maths">
      <UniqueIdentifier>{1b272261-332d-4e09-b35b-b742bc86679f}</UniqueIdentifier>
    </Filter>
    <Filter Include="Source Files\graphics\buffers">
      <UniqueIdentifier>{208c25fd-c6e2-4024-845a-3ddc8bd7aff6}</UniqueIdentifier>
    </Filter>
    <Filter Include="Source Files\graphics\layers">
      <UniqueIdentifier>{cac15a5d-fcf9-4abf-ad52-f32e72626d03}</UniqueIdentifier>
    </Filter>
    <Filter Include="Shaders">
      <UniqueIdentifier>{f866c972-2cf0-4eda-ad6e-1e7c22b1409d}</UniqueIdentifier>
    </Filter>
  </ItemGroup>
  <ItemGroup>
    <ClCompile Include="src\engine\maths\vec2.cpp">
      <Filter>Source Files\maths</Filter>
    </ClCompile>
    <ClCompile Include="src\engine\maths\vec3.cpp">
      <Filter>Source Files\maths</Filter>
    </ClCompile>
    <ClCompile Include="src\engine\maths\vec4.cpp">
      <Filter>Source Files\maths</Filter>
    </ClCompile>
    <ClCompile Include="src\engine\maths\mat4.cpp">
      <Filter>Source Files\maths</Filter>
    </ClCompile>
    <ClCompile Include="src\engine\maths\mathFuncs.cpp">
      <Filter>Source Files\maths</Filter>
    </ClCompile>
    <ClCompile Include="src\engine\graphics\renderer\batchRenderer2d.cpp">
      <Filter>Source Files\graphics</Filter>
    </ClCompile>
    <ClCompile Include="src\engine\graphics\renderable\group.cpp">
      <Filter>Source Files\graphics</Filter>
    </ClCompile>
    <ClCompile Include="main.cpp">
      <Filter>Source Files\graphics</Filter>
    </ClCompile>
    <ClCompile Include="src\engine\graphics\shader\shader.cpp">
      <Filter>Source Files\graphics</Filter>
    </ClCompile>
    <ClCompile Include="src\engine\graphics\renderable\sprite.cpp">
      <Filter>Source Files\graphics</Filter>
    </ClCompile>
    <ClCompile Include="src\engine\graphics\texture\texture.cpp">
      <Filter>Source Files\graphics</Filter>
    </ClCompile>
    <ClCompile Include="src\engine\system\window\window.cpp">
      <Filter>Source Files\graphics</Filter>
    </ClCompile>
    <ClCompile Include="src\engine\graphics\buffer\buffer.cpp">
      <Filter>Source Files\graphics\buffers</Filter>
    </ClCompile>
    <ClCompile Include="src\engine\graphics\buffer\indexBuffer.cpp">
      <Filter>Source Files\graphics\buffers</Filter>
    </ClCompile>
    <ClCompile Include="src\engine\graphics\buffer\vertexArray.cpp">
      <Filter>Source Files\graphics\buffers</Filter>
    </ClCompile>
    <ClCompile Include="src\engine\graphics\layer\tileLayer.cpp">
      <Filter>Source Files\graphics\layers</Filter>
    </ClCompile>
    <ClCompile Include="src\engine\graphics\layer\layer.cpp">
      <Filter>Source Files\graphics\layers</Filter>
    </ClCompile>
    <ClCompile Include="src\editor\tool\brush_tool.cpp">
      <Filter>Source Files</Filter>
    </ClCompile>
    <ClCompile Include="src\editor\tool\tool_handler.cpp">
      <Filter>Source Files</Filter>
    </ClCompile>
    <ClCompile Include="src\engine\system\window\input_handler.cpp">
      <Filter>Source Files</Filter>
    </ClCompile>
    <ClCompile Include="src\editor\editor.cpp">
      <Filter>Source Files</Filter>
    </ClCompile>
    <ClCompile Include="src\editor\tool\tool.cpp">
      <Filter>Source Files</Filter>
    </ClCompile>
    <ClCompile Include="src\editor\document\document.cpp">
      <Filter>Source Files</Filter>
    </ClCompile>
    <ClCompile Include="src\editor\document\document_handler.cpp">
      <Filter>Source Files</Filter>
    </ClCompile>
    <ClCompile Include="src\editor\tool\pointer_info.cpp">
      <Filter>Source Files</Filter>
    </ClCompile>
    <ClCompile Include="src\editor\editor_config.h">
      <Filter>Source Files</Filter>
    </ClCompile>
    <ClCompile Include="src\editor\tool\rectangle_tool.cpp">
      <Filter>Source Files</Filter>
    </ClCompile>
    <ClCompile Include="src\engine\graphics\renderable\renderable2d.cpp">
      <Filter>Source Files</Filter>
    </ClCompile>
    <ClCompile Include="src\editor\tool\erase_tool.cpp">
      <Filter>Source Files</Filter>
    </ClCompile>
    <ClCompile Include="src\editor\tool\paint_bucket_tool.cpp">
      <Filter>Source Files</Filter>
    </ClCompile>
    <ClCompile Include="src\engine\maths\vec2_int.cpp">
      <Filter>Source Files</Filter>
    </ClCompile>
    <ClCompile Include="src\editor\core\canvas\canvas_listener_handler.cpp">
      <Filter>Source Files</Filter>
    </ClCompile>
    <ClCompile Include="src\editor\feature\canvas\cursor_light.cpp">
      <Filter>Source Files</Filter>
    </ClCompile>
    <ClCompile Include="src\engine\graphics\renderable\line_shape.cpp">
      <Filter>Source Files</Filter>
    </ClCompile>
    <ClCompile Include="src\editor\document\checkerboard.cpp">
      <Filter>Source Files</Filter>
    </ClCompile>
    <ClCompile Include="src\editor\document\dimensions.cpp">
      <Filter>Source Files</Filter>
    </ClCompile>
    <ClCompile Include="src\engine\system\window\frame_handler.cpp">
      <Filter>Source Files</Filter>
    </ClCompile>
    <ClCompile Include="src\engine\graphics\camera\camera.cpp">
      <Filter>Source Files</Filter>
    </ClCompile>
    <ClCompile Include="src\editor\editor_state.cpp">
      <Filter>Source Files</Filter>
    </ClCompile>
  </ItemGroup>
  <ItemGroup>
    <ClInclude Include="src\engine\system\window\window.h">
      <Filter>Header Files</Filter>
    </ClInclude>
    <ClInclude Include="src\engine\graphics\renderer\batchRenderer2d.h">
      <Filter>Header Files\graphics</Filter>
    </ClInclude>
    <ClInclude Include="src\engine\graphics\renderable\group.h">
      <Filter>Header Files\graphics</Filter>
    </ClInclude>
    <ClInclude Include="src\engine\graphics\renderable\renderable2d.h">
      <Filter>Header Files\graphics</Filter>
    </ClInclude>
    <ClInclude Include="src\engine\graphics\renderer\renderer2d.h">
      <Filter>Header Files\graphics</Filter>
    </ClInclude>
    <ClInclude Include="src\engine\graphics\shader\shader.h">
      <Filter>Header Files\graphics</Filter>
    </ClInclude>
    <ClInclude Include="src\engine\graphics\renderable\sprite.h">
      <Filter>Header Files\graphics</Filter>
    </ClInclude>
    <ClInclude Include="src\engine\graphics\texture\texture.h">
      <Filter>Header Files\graphics</Filter>
    </ClInclude>
    <ClInclude Include="src\engine\system\utils\fileUtils.h">
      <Filter>Header Files\utils</Filter>
    </ClInclude>
    <ClInclude Include="src\engine\graphics\texture\imageLoad.h">
      <Filter>Header Files\utils</Filter>
    </ClInclude>
    <ClInclude Include="src\engine\system\utils\timer.h">
      <Filter>Header Files\utils</Filter>
    </ClInclude>
    <ClInclude Include="src\engine\maths\vec4.h">
      <Filter>Header Files\maths</Filter>
    </ClInclude>
    <ClInclude Include="src\engine\maths\mat4.h">
      <Filter>Header Files\maths</Filter>
    </ClInclude>
    <ClInclude Include="src\engine\maths\mathFuncs.h">
      <Filter>Header Files\maths</Filter>
    </ClInclude>
    <ClInclude Include="src\engine\maths\vec2.h">
      <Filter>Header Files\maths</Filter>
    </ClInclude>
    <ClInclude Include="src\engine\maths\vec3.h">
      <Filter>Header Files\maths</Filter>
    </ClInclude>
    <ClInclude Include="src\engine\graphics\buffer\buffer.h">
      <Filter>Header Files\graphics\buffers</Filter>
    </ClInclude>
    <ClInclude Include="src\engine\graphics\buffer\indexBuffer.h">
      <Filter>Header Files\graphics\buffers</Filter>
    </ClInclude>
    <ClInclude Include="src\engine\graphics\buffer\vertexArray.h">
      <Filter>Header Files\graphics\buffers</Filter>
    </ClInclude>
    <ClInclude Include="src\engine\graphics\layer\layer.h">
      <Filter>Header Files\graphics\layers</Filter>
    </ClInclude>
    <ClInclude Include="src\engine\graphics\layer\tileLayer.h">
      <Filter>Header Files\graphics\layers</Filter>
    </ClInclude>
    <ClInclude Include="src\editor\tool\brush_tool.h">
      <Filter>Header Files</Filter>
    </ClInclude>
    <ClInclude Include="src\editor\tool\tool_handler.h">
      <Filter>Header Files</Filter>
    </ClInclude>
    <ClInclude Include="src\editor\tool\tool.h">
      <Filter>Header Files</Filter>
    </ClInclude>
    <ClInclude Include="src\engine\system\window\input_handler.h">
      <Filter>Header Files</Filter>
    </ClInclude>
    <ClInclude Include="src\engine\system\window\input_listener.h">
      <Filter>Header Files</Filter>
    </ClInclude>
    <ClInclude Include="src\editor\editor.h">
      <Filter>Header Files</Filter>
    </ClInclude>
    <ClInclude Include="src\editor\document\document.h">
      <Filter>Header Files</Filter>
    </ClInclude>
    <ClInclude Include="src\editor\document\document_handler.h">
      <Filter>Header Files</Filter>
    </ClInclude>
    <ClInclude Include="src\editor\tool\pointer_info.h">
      <Filter>Header Files</Filter>
    </ClInclude>
    <ClInclude Include="src\editor\tool\rectangle_tool.h">
      <Filter>Header Files</Filter>
    </ClInclude>
    <ClInclude Include="src\editor\base\point.h">
      <Filter>Header Files</Filter>
    </ClInclude>
    <ClInclude Include="src\editor\tool\erase_tool.h">
      <Filter>Header Files</Filter>
    </ClInclude>
    <ClInclude Include="src\engine\graphics\renderable\bounds.h">
      <Filter>Header Files</Filter>
    </ClInclude>
    <ClInclude Include="src\engine\maths\vec2_int.h">
      <Filter>Header Files</Filter>
    </ClInclude>
    <ClInclude Include="src\editor\tool\flood_fill.h">
      <Filter>Header Files</Filter>
    </ClInclude>
    <ClInclude Include="src\editor\tool\paint_bucket_tool.h">
      <Filter>Header Files</Filter>
    </ClInclude>
    <ClInclude Include="src\editor\pointer\pointer_utils.h">
      <Filter>Header Files</Filter>
    </ClInclude>
    <ClInclude Include="src\engine\graphics\renderer\vertex_data.h">
      <Filter>Header Files</Filter>
    </ClInclude>
    <ClInclude Include="src\editor\core\canvas\canvas_listener_handler.h">
      <Filter>Header Files</Filter>
    </ClInclude>
    <ClInclude Include="src\editor\core\canvas\canvas_listener.h">
      <Filter>Header Files</Filter>
    </ClInclude>
    <ClInclude Include="src\editor\document\checkerboard.h">
      <Filter>Header Files</Filter>
    </ClInclude>
    <ClInclude Include="src\editor\feature\canvas\cursor_light.h">
      <Filter>Header Files</Filter>
    </ClInclude>
    <ClInclude Include="src\engine\graphics\renderable\line_shape.h">
      <Filter>Header Files</Filter>
    </ClInclude>
    <ClInclude Include="src\editor\document\dimensions.h">
      <Filter>Header Files</Filter>
    </ClInclude>
    <ClInclude Include="src\engine\system\window\frame_listener.h">
      <Filter>Header Files</Filter>
    </ClInclude>
    <ClInclude Include="src\engine\system\window\frame_handler.h">
      <Filter>Header Files</Filter>
    </ClInclude>
    <ClInclude Include="src\engine\graphics\camera\camera.h">
      <Filter>Header Files</Filter>
    </ClInclude>
    <ClInclude Include="src\editor\editor_state.h">
      <Filter>Header Files</Filter>
    </ClInclude>
  </ItemGroup>
  <ItemGroup>
    <None Include="src\shaders\basic.frag">
      <Filter>Shaders</Filter>
    </None>
    <None Include="src\shaders\basic.vert">
      <Filter>Shaders</Filter>
    </None>
    <None Include="src\shaders\unlit.frag" />
  </ItemGroup>
</Project>